
Microsoft Visual Studio Solution File, Format Version 12.00
# Visual Studio Version 16
VisualStudioVersion = 16.0.31129.286
MinimumVisualStudioVersion = 10.0.40219.1
Project("{9A19103F-16F7-4668-BE54-9A1E7A4F7556}") = "JsonTranslate.NET.Core", "src\JsonTranslate.NET.Core\JsonTranslate.NET.Core.csproj", "{A060E28A-B91B-474B-8B0B-3B678D65AD7A}"
	ProjectSection(ProjectDependencies) = postProject
		{AD7B274E-C1B4-4D1B-A2ED-4EEE9BDA811A} = {AD7B274E-C1B4-4D1B-A2ED-4EEE9BDA811A}
	EndProjectSection
EndProject
Project("{9A19103F-16F7-4668-BE54-9A1E7A4F7556}") = "JsonTranslate.NET.Core.JsonDsl", "src\JsonTranslate.NET.Core.JsonDsl\JsonTranslate.NET.Core.JsonDsl.csproj", "{1BDEB1DC-FEC2-490B-8595-27F5C8579BBE}"
	ProjectSection(ProjectDependencies) = postProject
		{AD7B274E-C1B4-4D1B-A2ED-4EEE9BDA811A} = {AD7B274E-C1B4-4D1B-A2ED-4EEE9BDA811A}
	EndProjectSection
EndProject
Project("{9A19103F-16F7-4668-BE54-9A1E7A4F7556}") = "JsonTranslate.NET.Core.Abstractions", "src\JsonTranslate.NET.Core.Abstractions\JsonTranslate.NET.Core.Abstractions.csproj", "{AD7B274E-C1B4-4D1B-A2ED-4EEE9BDA811A}"
EndProject
Project("{9A19103F-16F7-4668-BE54-9A1E7A4F7556}") = "JsonTranslate.NET.Core.JustDsl", "src\JsonTranslate.NET.Core.JustDsl\JsonTranslate.NET.Core.JustDsl.csproj", "{DAE73CBF-CA2B-4E99-93A6-EA1DCE2A9606}"
EndProject
Project("{2150E333-8FDC-42A3-9474-1A3956D46DE8}") = "Solution Items", "Solution Items", "{7B765234-030B-424B-A74A-343EBA8030CF}"
	ProjectSection(SolutionItems) = preProject
		Directory.Build.props = Directory.Build.props
		Directory.Build.targets = Directory.Build.targets
		LICENSE = LICENSE
		nuget.config = nuget.config
		README.md = README.md
	EndProjectSection
EndProject
Project("{2150E333-8FDC-42A3-9474-1A3956D46DE8}") = "src", "src", "{9486E3A5-AB73-4A49-825C-24B95F616931}"
	ProjectSection(SolutionItems) = preProject
		src\Directory.Build.props = src\Directory.Build.props
	EndProjectSection
EndProject
Project("{2150E333-8FDC-42A3-9474-1A3956D46DE8}") = "tests", "tests", "{42D7EA7A-D561-4098-BACB-F5FC9CDDA475}"
EndProject
Project("{9A19103F-16F7-4668-BE54-9A1E7A4F7556}") = "JsonTranslate.NET.Transformer.UnitTests", "tests\JsonTranslate.NET.Transformer.UnitTests\JsonTranslate.NET.Transformer.UnitTests.csproj", "{1DA0A31A-6DCB-4FC4-905C-6C15A5CD7832}"
EndProject
Project("{9A19103F-16F7-4668-BE54-9A1E7A4F7556}") = "JsonTranslate.NET.JsonDsl.UnitTests", "tests\JsonTranslate.NET.JsonDsl.UnitTests\JsonTranslate.NET.JsonDsl.UnitTests.csproj", "{FCB4F5E0-0D49-42F7-87EC-ADB2F0FFC715}"
EndProject
Project("{9A19103F-16F7-4668-BE54-9A1E7A4F7556}") = "JsonTranslate.NET.JustDsl.UnitTests", "tests\JsonTranslate.NET.JustDsl.UnitTests\JsonTranslate.NET.JustDsl.UnitTests.csproj", "{8E160573-53AD-4F08-98CB-ADB235C43B51}"
EndProject
Global
	GlobalSection(SolutionConfigurationPlatforms) = preSolution
		Debug|Any CPU = Debug|Any CPU
		Release|Any CPU = Release|Any CPU
	EndGlobalSection
	GlobalSection(ProjectConfigurationPlatforms) = postSolution
		{A060E28A-B91B-474B-8B0B-3B678D65AD7A}.Debug|Any CPU.ActiveCfg = Debug|Any CPU
		{A060E28A-B91B-474B-8B0B-3B678D65AD7A}.Debug|Any CPU.Build.0 = Debug|Any CPU
		{A060E28A-B91B-474B-8B0B-3B678D65AD7A}.Release|Any CPU.ActiveCfg = Release|Any CPU
		{A060E28A-B91B-474B-8B0B-3B678D65AD7A}.Release|Any CPU.Build.0 = Release|Any CPU
		{1BDEB1DC-FEC2-490B-8595-27F5C8579BBE}.Debug|Any CPU.ActiveCfg = Debug|Any CPU
		{1BDEB1DC-FEC2-490B-8595-27F5C8579BBE}.Debug|Any CPU.Build.0 = Debug|Any CPU
		{1BDEB1DC-FEC2-490B-8595-27F5C8579BBE}.Release|Any CPU.ActiveCfg = Release|Any CPU
		{1BDEB1DC-FEC2-490B-8595-27F5C8579BBE}.Release|Any CPU.Build.0 = Release|Any CPU
		{AD7B274E-C1B4-4D1B-A2ED-4EEE9BDA811A}.Debug|Any CPU.ActiveCfg = Debug|Any CPU
		{AD7B274E-C1B4-4D1B-A2ED-4EEE9BDA811A}.Debug|Any CPU.Build.0 = Debug|Any CPU
		{AD7B274E-C1B4-4D1B-A2ED-4EEE9BDA811A}.Release|Any CPU.ActiveCfg = Release|Any CPU
		{AD7B274E-C1B4-4D1B-A2ED-4EEE9BDA811A}.Release|Any CPU.Build.0 = Release|Any CPU
		{DAE73CBF-CA2B-4E99-93A6-EA1DCE2A9606}.Debug|Any CPU.ActiveCfg = Debug|Any CPU
		{DAE73CBF-CA2B-4E99-93A6-EA1DCE2A9606}.Debug|Any CPU.Build.0 = Debug|Any CPU
		{DAE73CBF-CA2B-4E99-93A6-EA1DCE2A9606}.Release|Any CPU.ActiveCfg = Release|Any CPU
		{DAE73CBF-CA2B-4E99-93A6-EA1DCE2A9606}.Release|Any CPU.Build.0 = Release|Any CPU
		{1DA0A31A-6DCB-4FC4-905C-6C15A5CD7832}.Debug|Any CPU.ActiveCfg = Debug|Any CPU
		{1DA0A31A-6DCB-4FC4-905C-6C15A5CD7832}.Debug|Any CPU.Build.0 = Debug|Any CPU
		{1DA0A31A-6DCB-4FC4-905C-6C15A5CD7832}.Release|Any CPU.ActiveCfg = Release|Any CPU
		{1DA0A31A-6DCB-4FC4-905C-6C15A5CD7832}.Release|Any CPU.Build.0 = Release|Any CPU
		{FCB4F5E0-0D49-42F7-87EC-ADB2F0FFC715}.Debug|Any CPU.ActiveCfg = Debug|Any CPU
		{FCB4F5E0-0D49-42F7-87EC-ADB2F0FFC715}.Debug|Any CPU.Build.0 = Debug|Any CPU
		{FCB4F5E0-0D49-42F7-87EC-ADB2F0FFC715}.Release|Any CPU.ActiveCfg = Release|Any CPU
		{FCB4F5E0-0D49-42F7-87EC-ADB2F0FFC715}.Release|Any CPU.Build.0 = Release|Any CPU
		{8E160573-53AD-4F08-98CB-ADB235C43B51}.Debug|Any CPU.ActiveCfg = Debug|Any CPU
		{8E160573-53AD-4F08-98CB-ADB235C43B51}.Debug|Any CPU.Build.0 = Debug|Any CPU
		{8E160573-53AD-4F08-98CB-ADB235C43B51}.Release|Any CPU.ActiveCfg = Release|Any CPU
		{8E160573-53AD-4F08-98CB-ADB235C43B51}.Release|Any CPU.Build.0 = Release|Any CPU
	EndGlobalSection
	GlobalSection(SolutionProperties) = preSolution
		HideSolutionNode = FALSE
	EndGlobalSection
	GlobalSection(NestedProjects) = preSolution
		{A060E28A-B91B-474B-8B0B-3B678D65AD7A} = {9486E3A5-AB73-4A49-825C-24B95F616931}
		{1BDEB1DC-FEC2-490B-8595-27F5C8579BBE} = {9486E3A5-AB73-4A49-825C-24B95F616931}
		{AD7B274E-C1B4-4D1B-A2ED-4EEE9BDA811A} = {9486E3A5-AB73-4A49-825C-24B95F616931}
		{DAE73CBF-CA2B-4E99-93A6-EA1DCE2A9606} = {9486E3A5-AB73-4A49-825C-24B95F616931}
		{1DA0A31A-6DCB-4FC4-905C-6C15A5CD7832} = {42D7EA7A-D561-4098-BACB-F5FC9CDDA475}
		{FCB4F5E0-0D49-42F7-87EC-ADB2F0FFC715} = {42D7EA7A-D561-4098-BACB-F5FC9CDDA475}
		{8E160573-53AD-4F08-98CB-ADB235C43B51} = {42D7EA7A-D561-4098-BACB-F5FC9CDDA475}
	EndGlobalSection
	GlobalSection(ExtensibilityGlobals) = postSolution
		SolutionGuid = {B39144E8-1E19-479C-A65F-1EDC9EE6F057}
	EndGlobalSection
EndGlobal
