
Microsoft Visual Studio Solution File, Format Version 12.00
# Visual Studio Version 16
VisualStudioVersion = 16.0.31129.286
MinimumVisualStudioVersion = 10.0.40219.1
Project("{9A19103F-16F7-4668-BE54-9A1E7A4F7556}") = "TranformerDSLParser", "TranformerDSLParser\TranformerDSLParser.csproj", "{8D31DDB4-B775-4F8B-9C6E-5A88021A207D}"
EndProject
Project("{FAE04EC0-301F-11D3-BF4B-00C04F79EFBC}") = "Transformers.Core", "Transformers.Core\Transformers.Core.csproj", "{A060E28A-B91B-474B-8B0B-3B678D65AD7A}"
EndProject
Project("{FAE04EC0-301F-11D3-BF4B-00C04F79EFBC}") = "Transformers.Core.JsonDSL", "Transformers.Core.JsonDSL\Transformers.Core.JsonDSL.csproj", "{1BDEB1DC-FEC2-490B-8595-27F5C8579BBE}"
EndProject
Project("{FAE04EC0-301F-11D3-BF4B-00C04F79EFBC}") = "Transformers.Core.Abstractions", "Transformers.Core.Abstractions\Transformers.Core.Abstractions.csproj", "{AD7B274E-C1B4-4D1B-A2ED-4EEE9BDA811A}"
EndProject
Project("{FAE04EC0-301F-11D3-BF4B-00C04F79EFBC}") = "Transformers.Core.JustDSL", "Transformers.Core.JustDsl\Transformers.Core.JustDSL.csproj", "{DAE73CBF-CA2B-4E99-93A6-EA1DCE2A9606}"
EndProject
Global
	GlobalSection(SolutionConfigurationPlatforms) = preSolution
		Debug|Any CPU = Debug|Any CPU
		Release|Any CPU = Release|Any CPU
	EndGlobalSection
	GlobalSection(ProjectConfigurationPlatforms) = postSolution
		{8D31DDB4-B775-4F8B-9C6E-5A88021A207D}.Debug|Any CPU.ActiveCfg = Debug|Any CPU
		{8D31DDB4-B775-4F8B-9C6E-5A88021A207D}.Debug|Any CPU.Build.0 = Debug|Any CPU
		{8D31DDB4-B775-4F8B-9C6E-5A88021A207D}.Release|Any CPU.ActiveCfg = Release|Any CPU
		{8D31DDB4-B775-4F8B-9C6E-5A88021A207D}.Release|Any CPU.Build.0 = Release|Any CPU
		{A060E28A-B91B-474B-8B0B-3B678D65AD7A}.Debug|Any CPU.ActiveCfg = Debug|Any CPU
		{A060E28A-B91B-474B-8B0B-3B678D65AD7A}.Debug|Any CPU.Build.0 = Debug|Any CPU
		{A060E28A-B91B-474B-8B0B-3B678D65AD7A}.Release|Any CPU.ActiveCfg = Release|Any CPU
		{A060E28A-B91B-474B-8B0B-3B678D65AD7A}.Release|Any CPU.Build.0 = Release|Any CPU
		{1BDEB1DC-FEC2-490B-8595-27F5C8579BBE}.Debug|Any CPU.ActiveCfg = Debug|Any CPU
		{1BDEB1DC-FEC2-490B-8595-27F5C8579BBE}.Debug|Any CPU.Build.0 = Debug|Any CPU
		{1BDEB1DC-FEC2-490B-8595-27F5C8579BBE}.Release|Any CPU.ActiveCfg = Release|Any CPU
		{1BDEB1DC-FEC2-490B-8595-27F5C8579BBE}.Release|Any CPU.Build.0 = Release|Any CPU
		{AD7B274E-C1B4-4D1B-A2ED-4EEE9BDA811A}.Debug|Any CPU.ActiveCfg = Debug|Any CPU
		{AD7B274E-C1B4-4D1B-A2ED-4EEE9BDA811A}.Debug|Any CPU.Build.0 = Debug|Any CPU
		{AD7B274E-C1B4-4D1B-A2ED-4EEE9BDA811A}.Release|Any CPU.ActiveCfg = Release|Any CPU
		{AD7B274E-C1B4-4D1B-A2ED-4EEE9BDA811A}.Release|Any CPU.Build.0 = Release|Any CPU
		{DAE73CBF-CA2B-4E99-93A6-EA1DCE2A9606}.Debug|Any CPU.ActiveCfg = Debug|Any CPU
		{DAE73CBF-CA2B-4E99-93A6-EA1DCE2A9606}.Debug|Any CPU.Build.0 = Debug|Any CPU
		{DAE73CBF-CA2B-4E99-93A6-EA1DCE2A9606}.Release|Any CPU.ActiveCfg = Release|Any CPU
		{DAE73CBF-CA2B-4E99-93A6-EA1DCE2A9606}.Release|Any CPU.Build.0 = Release|Any CPU
	EndGlobalSection
	GlobalSection(SolutionProperties) = preSolution
		HideSolutionNode = FALSE
	EndGlobalSection
	GlobalSection(ExtensibilityGlobals) = postSolution
		SolutionGuid = {B39144E8-1E19-479C-A65F-1EDC9EE6F057}
	EndGlobalSection
EndGlobal
